
Microsoft Visual Studio Solution File, Format Version 12.00
# Visual Studio 2012
Project("{FAE04EC0-301F-11D3-BF4B-00C04F79EFBC}") = "log4net.Appender.AWS", "log4net.aws\log4net.Appender.AWS.csproj", "{813FC7DE-3098-42F6-AFF9-6BCF709B6E35}"
EndProject
Project("{FAE04EC0-301F-11D3-BF4B-00C04F79EFBC}") = "log4net.aws.console", "log4net.aws.console\log4net.aws.console.csproj", "{7E43BF81-5876-4F61-9406-8CE05FBC3266}"
EndProject
Project("{FAE04EC0-301F-11D3-BF4B-00C04F79EFBC}") = "log4net.Appender.Zendesk", "log4net.zendesk\log4net.Appender.Zendesk.csproj", "{533B8F18-E380-4959-852E-774AF058F2FA}"
EndProject
Global
	GlobalSection(SolutionConfigurationPlatforms) = preSolution
		Debug|Any CPU = Debug|Any CPU
		Debug|Mixed Platforms = Debug|Mixed Platforms
		Debug|x86 = Debug|x86
		Release|Any CPU = Release|Any CPU
		Release|Mixed Platforms = Release|Mixed Platforms
		Release|x86 = Release|x86
	EndGlobalSection
	GlobalSection(ProjectConfigurationPlatforms) = postSolution
		{813FC7DE-3098-42F6-AFF9-6BCF709B6E35}.Debug|Any CPU.ActiveCfg = Debug|Any CPU
		{813FC7DE-3098-42F6-AFF9-6BCF709B6E35}.Debug|Any CPU.Build.0 = Debug|Any CPU
		{813FC7DE-3098-42F6-AFF9-6BCF709B6E35}.Debug|Mixed Platforms.ActiveCfg = Debug|Any CPU
		{813FC7DE-3098-42F6-AFF9-6BCF709B6E35}.Debug|Mixed Platforms.Build.0 = Debug|Any CPU
		{813FC7DE-3098-42F6-AFF9-6BCF709B6E35}.Debug|x86.ActiveCfg = Debug|Any CPU
		{813FC7DE-3098-42F6-AFF9-6BCF709B6E35}.Release|Any CPU.ActiveCfg = Release|Any CPU
		{813FC7DE-3098-42F6-AFF9-6BCF709B6E35}.Release|Any CPU.Build.0 = Release|Any CPU
		{813FC7DE-3098-42F6-AFF9-6BCF709B6E35}.Release|Mixed Platforms.ActiveCfg = Release|Any CPU
		{813FC7DE-3098-42F6-AFF9-6BCF709B6E35}.Release|Mixed Platforms.Build.0 = Release|Any CPU
		{813FC7DE-3098-42F6-AFF9-6BCF709B6E35}.Release|x86.ActiveCfg = Release|Any CPU
		{7E43BF81-5876-4F61-9406-8CE05FBC3266}.Debug|Any CPU.ActiveCfg = Debug|x86
		{7E43BF81-5876-4F61-9406-8CE05FBC3266}.Debug|Mixed Platforms.ActiveCfg = Debug|x86
		{7E43BF81-5876-4F61-9406-8CE05FBC3266}.Debug|Mixed Platforms.Build.0 = Debug|x86
		{7E43BF81-5876-4F61-9406-8CE05FBC3266}.Debug|x86.ActiveCfg = Debug|x86
		{7E43BF81-5876-4F61-9406-8CE05FBC3266}.Debug|x86.Build.0 = Debug|x86
		{7E43BF81-5876-4F61-9406-8CE05FBC3266}.Release|Any CPU.ActiveCfg = Release|x86
		{7E43BF81-5876-4F61-9406-8CE05FBC3266}.Release|Mixed Platforms.ActiveCfg = Release|x86
		{7E43BF81-5876-4F61-9406-8CE05FBC3266}.Release|Mixed Platforms.Build.0 = Release|x86
		{7E43BF81-5876-4F61-9406-8CE05FBC3266}.Release|x86.ActiveCfg = Release|x86
		{7E43BF81-5876-4F61-9406-8CE05FBC3266}.Release|x86.Build.0 = Release|x86
		{533B8F18-E380-4959-852E-774AF058F2FA}.Debug|Any CPU.ActiveCfg = Debug|Any CPU
		{533B8F18-E380-4959-852E-774AF058F2FA}.Debug|Any CPU.Build.0 = Debug|Any CPU
		{533B8F18-E380-4959-852E-774AF058F2FA}.Debug|Mixed Platforms.ActiveCfg = Debug|Any CPU
		{533B8F18-E380-4959-852E-774AF058F2FA}.Debug|Mixed Platforms.Build.0 = Debug|Any CPU
		{533B8F18-E380-4959-852E-774AF058F2FA}.Debug|x86.ActiveCfg = Debug|Any CPU
		{533B8F18-E380-4959-852E-774AF058F2FA}.Release|Any CPU.ActiveCfg = Release|Any CPU
		{533B8F18-E380-4959-852E-774AF058F2FA}.Release|Any CPU.Build.0 = Release|Any CPU
		{533B8F18-E380-4959-852E-774AF058F2FA}.Release|Mixed Platforms.ActiveCfg = Release|Any CPU
		{533B8F18-E380-4959-852E-774AF058F2FA}.Release|Mixed Platforms.Build.0 = Release|Any CPU
		{533B8F18-E380-4959-852E-774AF058F2FA}.Release|x86.ActiveCfg = Release|Any CPU
	EndGlobalSection
	GlobalSection(SolutionProperties) = preSolution
		HideSolutionNode = FALSE
	EndGlobalSection
EndGlobal
